// !$*UTF8*$!
{
	archiveVersion = 1;
	classes = {
	};
	objectVersion = 56;
	objects = {

/* Begin PBXBuildFile section */
		C04880422A70D45E00AFEFED /* SettingsView.swift in Sources */ = {isa = PBXBuildFile; fileRef = C04880412A70D45E00AFEFED /* SettingsView.swift */; };
		C0D6FEFD2A6EFA5C00FE4316 /* EnneagramsApp.swift in Sources */ = {isa = PBXBuildFile; fileRef = C0D6FEFC2A6EFA5C00FE4316 /* EnneagramsApp.swift */; };
		C0D6FEFF2A6EFA5C00FE4316 /* ContentView.swift in Sources */ = {isa = PBXBuildFile; fileRef = C0D6FEFE2A6EFA5C00FE4316 /* ContentView.swift */; };
		C0D6FF012A6EFA5D00FE4316 /* Assets.xcassets in Resources */ = {isa = PBXBuildFile; fileRef = C0D6FF002A6EFA5D00FE4316 /* Assets.xcassets */; };
		C0D6FF042A6EFA5D00FE4316 /* Preview Assets.xcassets in Resources */ = {isa = PBXBuildFile; fileRef = C0D6FF032A6EFA5D00FE4316 /* Preview Assets.xcassets */; };
		C0D6FF0C2A6EFD1E00FE4316 /* ChooseEnneagramView.swift in Sources */ = {isa = PBXBuildFile; fileRef = C0D6FF0B2A6EFD1E00FE4316 /* ChooseEnneagramView.swift */; };
		C0D6FF0E2A6EFD3F00FE4316 /* EnneagramInfoView.swift in Sources */ = {isa = PBXBuildFile; fileRef = C0D6FF0D2A6EFD3F00FE4316 /* EnneagramInfoView.swift */; };
		C0D6FF112A6EFD8F00FE4316 /* LandingPageView.swift in Sources */ = {isa = PBXBuildFile; fileRef = C0D6FF102A6EFD8F00FE4316 /* LandingPageView.swift */; };
		C0D6FF132A6EFD9A00FE4316 /* Model.swift in Sources */ = {isa = PBXBuildFile; fileRef = C0D6FF122A6EFD9A00FE4316 /* Model.swift */; };
		C0D6FF152A6EFE3500FE4316 /* RateView.swift in Sources */ = {isa = PBXBuildFile; fileRef = C0D6FF142A6EFE3500FE4316 /* RateView.swift */; };
		C0D6FF172A6EFE6100FE4316 /* ChartView.swift in Sources */ = {isa = PBXBuildFile; fileRef = C0D6FF162A6EFE6100FE4316 /* ChartView.swift */; };
		C0D6FF1A2A6F722900FE4316 /* EnneagramBubbleView.swift in Sources */ = {isa = PBXBuildFile; fileRef = C0D6FF192A6F722900FE4316 /* EnneagramBubbleView.swift */; };
		C0D6FF1C2A6F72B800FE4316 /* Extensions.swift in Sources */ = {isa = PBXBuildFile; fileRef = C0D6FF1B2A6F72B800FE4316 /* Extensions.swift */; };
		C0D6FF1F2A6F7B4C00FE4316 /* EnneagramInfoViewModel.swift in Sources */ = {isa = PBXBuildFile; fileRef = C0D6FF1E2A6F7B4C00FE4316 /* EnneagramInfoViewModel.swift */; };
/* End PBXBuildFile section */

/* Begin PBXFileReference section */
		C04880412A70D45E00AFEFED /* SettingsView.swift */ = {isa = PBXFileReference; lastKnownFileType = sourcecode.swift; path = SettingsView.swift; sourceTree = "<group>"; };
		C0D6FEF92A6EFA5C00FE4316 /* Enneagrams.app */ = {isa = PBXFileReference; explicitFileType = wrapper.application; includeInIndex = 0; path = Enneagrams.app; sourceTree = BUILT_PRODUCTS_DIR; };
		C0D6FEFC2A6EFA5C00FE4316 /* EnneagramsApp.swift */ = {isa = PBXFileReference; lastKnownFileType = sourcecode.swift; path = EnneagramsApp.swift; sourceTree = "<group>"; };
		C0D6FEFE2A6EFA5C00FE4316 /* ContentView.swift */ = {isa = PBXFileReference; lastKnownFileType = sourcecode.swift; path = ContentView.swift; sourceTree = "<group>"; };
		C0D6FF002A6EFA5D00FE4316 /* Assets.xcassets */ = {isa = PBXFileReference; lastKnownFileType = folder.assetcatalog; path = Assets.xcassets; sourceTree = "<group>"; };
		C0D6FF032A6EFA5D00FE4316 /* Preview Assets.xcassets */ = {isa = PBXFileReference; lastKnownFileType = folder.assetcatalog; path = "Preview Assets.xcassets"; sourceTree = "<group>"; };
		C0D6FF0B2A6EFD1E00FE4316 /* ChooseEnneagramView.swift */ = {isa = PBXFileReference; lastKnownFileType = sourcecode.swift; path = ChooseEnneagramView.swift; sourceTree = "<group>"; };
		C0D6FF0D2A6EFD3F00FE4316 /* EnneagramInfoView.swift */ = {isa = PBXFileReference; lastKnownFileType = sourcecode.swift; path = EnneagramInfoView.swift; sourceTree = "<group>"; };
		C0D6FF102A6EFD8F00FE4316 /* LandingPageView.swift */ = {isa = PBXFileReference; lastKnownFileType = sourcecode.swift; path = LandingPageView.swift; sourceTree = "<group>"; };
		C0D6FF122A6EFD9A00FE4316 /* Model.swift */ = {isa = PBXFileReference; lastKnownFileType = sourcecode.swift; path = Model.swift; sourceTree = "<group>"; };
		C0D6FF142A6EFE3500FE4316 /* RateView.swift */ = {isa = PBXFileReference; lastKnownFileType = sourcecode.swift; path = RateView.swift; sourceTree = "<group>"; };
		C0D6FF162A6EFE6100FE4316 /* ChartView.swift */ = {isa = PBXFileReference; lastKnownFileType = sourcecode.swift; path = ChartView.swift; sourceTree = "<group>"; };
		C0D6FF192A6F722900FE4316 /* EnneagramBubbleView.swift */ = {isa = PBXFileReference; lastKnownFileType = sourcecode.swift; path = EnneagramBubbleView.swift; sourceTree = "<group>"; };
		C0D6FF1B2A6F72B800FE4316 /* Extensions.swift */ = {isa = PBXFileReference; lastKnownFileType = sourcecode.swift; path = Extensions.swift; sourceTree = "<group>"; };
		C0D6FF1E2A6F7B4C00FE4316 /* EnneagramInfoViewModel.swift */ = {isa = PBXFileReference; lastKnownFileType = sourcecode.swift; path = EnneagramInfoViewModel.swift; sourceTree = "<group>"; };
/* End PBXFileReference section */

/* Begin PBXFrameworksBuildPhase section */
		C0D6FEF62A6EFA5C00FE4316 /* Frameworks */ = {
			isa = PBXFrameworksBuildPhase;
			buildActionMask = 2147483647;
			files = (
			);
			runOnlyForDeploymentPostprocessing = 0;
		};
/* End PBXFrameworksBuildPhase section */

/* Begin PBXGroup section */
		C0D6FEF02A6EFA5C00FE4316 = {
			isa = PBXGroup;
			children = (
				C0D6FEFB2A6EFA5C00FE4316 /* Enneagrams */,
				C0D6FEFA2A6EFA5C00FE4316 /* Products */,
			);
			sourceTree = "<group>";
		};
		C0D6FEFA2A6EFA5C00FE4316 /* Products */ = {
			isa = PBXGroup;
			children = (
				C0D6FEF92A6EFA5C00FE4316 /* Enneagrams.app */,
			);
			name = Products;
			sourceTree = "<group>";
		};
		C0D6FEFB2A6EFA5C00FE4316 /* Enneagrams */ = {
			isa = PBXGroup;
			children = (
				C0D6FEFC2A6EFA5C00FE4316 /* EnneagramsApp.swift */,
				C0D6FEFE2A6EFA5C00FE4316 /* ContentView.swift */,
				C0D6FF122A6EFD9A00FE4316 /* Model.swift */,
				C0D6FF1B2A6F72B800FE4316 /* Extensions.swift */,
				C0D6FF1D2A6F7B3600FE4316 /* ViewModels */,
				C0D6FF0F2A6EFD6800FE4316 /* Views */,
				C0D6FF002A6EFA5D00FE4316 /* Assets.xcassets */,
				C0D6FF022A6EFA5D00FE4316 /* Preview Content */,
			);
			path = Enneagrams;
			sourceTree = "<group>";
		};
		C0D6FF022A6EFA5D00FE4316 /* Preview Content */ = {
			isa = PBXGroup;
			children = (
				C0D6FF032A6EFA5D00FE4316 /* Preview Assets.xcassets */,
			);
			path = "Preview Content";
			sourceTree = "<group>";
		};
		C0D6FF0F2A6EFD6800FE4316 /* Views */ = {
			isa = PBXGroup;
			children = (
				C0D6FF182A6F720A00FE4316 /* HelperViews */,
				C0D6FF0B2A6EFD1E00FE4316 /* ChooseEnneagramView.swift */,
				C0D6FF142A6EFE3500FE4316 /* RateView.swift */,
				C0D6FF162A6EFE6100FE4316 /* ChartView.swift */,
				C0D6FF0D2A6EFD3F00FE4316 /* EnneagramInfoView.swift */,
				C04880412A70D45E00AFEFED /* SettingsView.swift */,
				C0D6FF102A6EFD8F00FE4316 /* LandingPageView.swift */,
			);
			path = Views;
			sourceTree = "<group>";
		};
		C0D6FF182A6F720A00FE4316 /* HelperViews */ = {
			isa = PBXGroup;
			children = (
				C0D6FF192A6F722900FE4316 /* EnneagramBubbleView.swift */,
			);
			path = HelperViews;
			sourceTree = "<group>";
		};
		C0D6FF1D2A6F7B3600FE4316 /* ViewModels */ = {
			isa = PBXGroup;
			children = (
				C0D6FF1E2A6F7B4C00FE4316 /* EnneagramInfoViewModel.swift */,
			);
			path = ViewModels;
			sourceTree = "<group>";
		};
/* End PBXGroup section */

/* Begin PBXNativeTarget section */
		C0D6FEF82A6EFA5C00FE4316 /* Enneagrams */ = {
			isa = PBXNativeTarget;
			buildConfigurationList = C0D6FF072A6EFA5D00FE4316 /* Build configuration list for PBXNativeTarget "Enneagrams" */;
			buildPhases = (
				C0D6FEF52A6EFA5C00FE4316 /* Sources */,
				C0D6FEF62A6EFA5C00FE4316 /* Frameworks */,
				C0D6FEF72A6EFA5C00FE4316 /* Resources */,
			);
			buildRules = (
			);
			dependencies = (
			);
			name = Enneagrams;
			productName = Enneagrams;
			productReference = C0D6FEF92A6EFA5C00FE4316 /* Enneagrams.app */;
			productType = "com.apple.product-type.application";
		};
/* End PBXNativeTarget section */

/* Begin PBXProject section */
		C0D6FEF12A6EFA5C00FE4316 /* Project object */ = {
			isa = PBXProject;
			attributes = {
				BuildIndependentTargetsInParallel = 1;
				LastSwiftUpdateCheck = 1420;
				LastUpgradeCheck = 1420;
				TargetAttributes = {
					C0D6FEF82A6EFA5C00FE4316 = {
						CreatedOnToolsVersion = 14.2;
					};
				};
			};
			buildConfigurationList = C0D6FEF42A6EFA5C00FE4316 /* Build configuration list for PBXProject "Enneagrams" */;
			compatibilityVersion = "Xcode 14.0";
			developmentRegion = en;
			hasScannedForEncodings = 0;
			knownRegions = (
				en,
				Base,
			);
			mainGroup = C0D6FEF02A6EFA5C00FE4316;
			productRefGroup = C0D6FEFA2A6EFA5C00FE4316 /* Products */;
			projectDirPath = "";
			projectRoot = "";
			targets = (
				C0D6FEF82A6EFA5C00FE4316 /* Enneagrams */,
			);
		};
/* End PBXProject section */

/* Begin PBXResourcesBuildPhase section */
		C0D6FEF72A6EFA5C00FE4316 /* Resources */ = {
			isa = PBXResourcesBuildPhase;
			buildActionMask = 2147483647;
			files = (
				C0D6FF042A6EFA5D00FE4316 /* Preview Assets.xcassets in Resources */,
				C0D6FF012A6EFA5D00FE4316 /* Assets.xcassets in Resources */,
			);
			runOnlyForDeploymentPostprocessing = 0;
		};
/* End PBXResourcesBuildPhase section */

/* Begin PBXSourcesBuildPhase section */
		C0D6FEF52A6EFA5C00FE4316 /* Sources */ = {
			isa = PBXSourcesBuildPhase;
			buildActionMask = 2147483647;
			files = (
				C0D6FEFF2A6EFA5C00FE4316 /* ContentView.swift in Sources */,
				C0D6FF172A6EFE6100FE4316 /* ChartView.swift in Sources */,
				C0D6FF152A6EFE3500FE4316 /* RateView.swift in Sources */,
				C0D6FF1A2A6F722900FE4316 /* EnneagramBubbleView.swift in Sources */,
				C0D6FF0C2A6EFD1E00FE4316 /* ChooseEnneagramView.swift in Sources */,
				C0D6FF1C2A6F72B800FE4316 /* Extensions.swift in Sources */,
				C0D6FF112A6EFD8F00FE4316 /* LandingPageView.swift in Sources */,
				C0D6FF132A6EFD9A00FE4316 /* Model.swift in Sources */,
				C0D6FEFD2A6EFA5C00FE4316 /* EnneagramsApp.swift in Sources */,
				C04880422A70D45E00AFEFED /* SettingsView.swift in Sources */,
				C0D6FF0E2A6EFD3F00FE4316 /* EnneagramInfoView.swift in Sources */,
				C0D6FF1F2A6F7B4C00FE4316 /* EnneagramInfoViewModel.swift in Sources */,
			);
			runOnlyForDeploymentPostprocessing = 0;
		};
/* End PBXSourcesBuildPhase section */

/* Begin XCBuildConfiguration section */
		C0D6FF052A6EFA5D00FE4316 /* Debug */ = {
			isa = XCBuildConfiguration;
			buildSettings = {
				ALWAYS_SEARCH_USER_PATHS = NO;
				CLANG_ANALYZER_NONNULL = YES;
				CLANG_ANALYZER_NUMBER_OBJECT_CONVERSION = YES_AGGRESSIVE;
				CLANG_CXX_LANGUAGE_STANDARD = "gnu++20";
				CLANG_ENABLE_MODULES = YES;
				CLANG_ENABLE_OBJC_ARC = YES;
				CLANG_ENABLE_OBJC_WEAK = YES;
				CLANG_WARN_BLOCK_CAPTURE_AUTORELEASING = YES;
				CLANG_WARN_BOOL_CONVERSION = YES;
				CLANG_WARN_COMMA = YES;
				CLANG_WARN_CONSTANT_CONVERSION = YES;
				CLANG_WARN_DEPRECATED_OBJC_IMPLEMENTATIONS = YES;
				CLANG_WARN_DIRECT_OBJC_ISA_USAGE = YES_ERROR;
				CLANG_WARN_DOCUMENTATION_COMMENTS = YES;
				CLANG_WARN_EMPTY_BODY = YES;
				CLANG_WARN_ENUM_CONVERSION = YES;
				CLANG_WARN_INFINITE_RECURSION = YES;
				CLANG_WARN_INT_CONVERSION = YES;
				CLANG_WARN_NON_LITERAL_NULL_CONVERSION = YES;
				CLANG_WARN_OBJC_IMPLICIT_RETAIN_SELF = YES;
				CLANG_WARN_OBJC_LITERAL_CONVERSION = YES;
				CLANG_WARN_OBJC_ROOT_CLASS = YES_ERROR;
				CLANG_WARN_QUOTED_INCLUDE_IN_FRAMEWORK_HEADER = YES;
				CLANG_WARN_RANGE_LOOP_ANALYSIS = YES;
				CLANG_WARN_STRICT_PROTOTYPES = YES;
				CLANG_WARN_SUSPICIOUS_MOVE = YES;
				CLANG_WARN_UNGUARDED_AVAILABILITY = YES_AGGRESSIVE;
				CLANG_WARN_UNREACHABLE_CODE = YES;
				CLANG_WARN__DUPLICATE_METHOD_MATCH = YES;
				COPY_PHASE_STRIP = NO;
				DEBUG_INFORMATION_FORMAT = dwarf;
				ENABLE_STRICT_OBJC_MSGSEND = YES;
				ENABLE_TESTABILITY = YES;
				GCC_C_LANGUAGE_STANDARD = gnu11;
				GCC_DYNAMIC_NO_PIC = NO;
				GCC_NO_COMMON_BLOCKS = YES;
				GCC_OPTIMIZATION_LEVEL = 0;
				GCC_PREPROCESSOR_DEFINITIONS = (
					"DEBUG=1",
					"$(inherited)",
				);
				GCC_WARN_64_TO_32_BIT_CONVERSION = YES;
				GCC_WARN_ABOUT_RETURN_TYPE = YES_ERROR;
				GCC_WARN_UNDECLARED_SELECTOR = YES;
				GCC_WARN_UNINITIALIZED_AUTOS = YES_AGGRESSIVE;
				GCC_WARN_UNUSED_FUNCTION = YES;
				GCC_WARN_UNUSED_VARIABLE = YES;
				IPHONEOS_DEPLOYMENT_TARGET = 16.2;
				MTL_ENABLE_DEBUG_INFO = INCLUDE_SOURCE;
				MTL_FAST_MATH = YES;
				ONLY_ACTIVE_ARCH = YES;
				SDKROOT = iphoneos;
				SWIFT_ACTIVE_COMPILATION_CONDITIONS = DEBUG;
				SWIFT_OPTIMIZATION_LEVEL = "-Onone";
			};
			name = Debug;
		};
		C0D6FF062A6EFA5D00FE4316 /* Release */ = {
			isa = XCBuildConfiguration;
			buildSettings = {
				ALWAYS_SEARCH_USER_PATHS = NO;
				CLANG_ANALYZER_NONNULL = YES;
				CLANG_ANALYZER_NUMBER_OBJECT_CONVERSION = YES_AGGRESSIVE;
				CLANG_CXX_LANGUAGE_STANDARD = "gnu++20";
				CLANG_ENABLE_MODULES = YES;
				CLANG_ENABLE_OBJC_ARC = YES;
				CLANG_ENABLE_OBJC_WEAK = YES;
				CLANG_WARN_BLOCK_CAPTURE_AUTORELEASING = YES;
				CLANG_WARN_BOOL_CONVERSION = YES;
				CLANG_WARN_COMMA = YES;
				CLANG_WARN_CONSTANT_CONVERSION = YES;
				CLANG_WARN_DEPRECATED_OBJC_IMPLEMENTATIONS = YES;
				CLANG_WARN_DIRECT_OBJC_ISA_USAGE = YES_ERROR;
				CLANG_WARN_DOCUMENTATION_COMMENTS = YES;
				CLANG_WARN_EMPTY_BODY = YES;
				CLANG_WARN_ENUM_CONVERSION = YES;
				CLANG_WARN_INFINITE_RECURSION = YES;
				CLANG_WARN_INT_CONVERSION = YES;
				CLANG_WARN_NON_LITERAL_NULL_CONVERSION = YES;
				CLANG_WARN_OBJC_IMPLICIT_RETAIN_SELF = YES;
				CLANG_WARN_OBJC_LITERAL_CONVERSION = YES;
				CLANG_WARN_OBJC_ROOT_CLASS = YES_ERROR;
				CLANG_WARN_QUOTED_INCLUDE_IN_FRAMEWORK_HEADER = YES;
				CLANG_WARN_RANGE_LOOP_ANALYSIS = YES;
				CLANG_WARN_STRICT_PROTOTYPES = YES;
				CLANG_WARN_SUSPICIOUS_MOVE = YES;
				CLANG_WARN_UNGUARDED_AVAILABILITY = YES_AGGRESSIVE;
				CLANG_WARN_UNREACHABLE_CODE = YES;
				CLANG_WARN__DUPLICATE_METHOD_MATCH = YES;
				COPY_PHASE_STRIP = NO;
				DEBUG_INFORMATION_FORMAT = "dwarf-with-dsym";
				ENABLE_NS_ASSERTIONS = NO;
				ENABLE_STRICT_OBJC_MSGSEND = YES;
				GCC_C_LANGUAGE_STANDARD = gnu11;
				GCC_NO_COMMON_BLOCKS = YES;
				GCC_WARN_64_TO_32_BIT_CONVERSION = YES;
				GCC_WARN_ABOUT_RETURN_TYPE = YES_ERROR;
				GCC_WARN_UNDECLARED_SELECTOR = YES;
				GCC_WARN_UNINITIALIZED_AUTOS = YES_AGGRESSIVE;
				GCC_WARN_UNUSED_FUNCTION = YES;
				GCC_WARN_UNUSED_VARIABLE = YES;
				IPHONEOS_DEPLOYMENT_TARGET = 16.2;
				MTL_ENABLE_DEBUG_INFO = NO;
				MTL_FAST_MATH = YES;
				SDKROOT = iphoneos;
				SWIFT_COMPILATION_MODE = wholemodule;
				SWIFT_OPTIMIZATION_LEVEL = "-O";
				VALIDATE_PRODUCT = YES;
			};
			name = Release;
		};
		C0D6FF082A6EFA5D00FE4316 /* Debug */ = {
			isa = XCBuildConfiguration;
			buildSettings = {
				ASSETCATALOG_COMPILER_APPICON_NAME = AppIcon;
				ASSETCATALOG_COMPILER_GLOBAL_ACCENT_COLOR_NAME = AccentColor;
				CODE_SIGN_STYLE = Automatic;
				CURRENT_PROJECT_VERSION = 1;
				DEVELOPMENT_ASSET_PATHS = "\"Enneagrams/Preview Content\"";
				DEVELOPMENT_TEAM = 6MK7D584YP;
				ENABLE_PREVIEWS = YES;
				GENERATE_INFOPLIST_FILE = YES;
				INFOPLIST_KEY_UIApplicationSceneManifest_Generation = YES;
				INFOPLIST_KEY_UIApplicationSupportsIndirectInputEvents = YES;
				INFOPLIST_KEY_UILaunchScreen_Generation = YES;
				INFOPLIST_KEY_UISupportedInterfaceOrientations_iPad = "UIInterfaceOrientationPortrait UIInterfaceOrientationPortraitUpsideDown UIInterfaceOrientationLandscapeLeft UIInterfaceOrientationLandscapeRight";
				INFOPLIST_KEY_UISupportedInterfaceOrientations_iPhone = "UIInterfaceOrientationPortrait UIInterfaceOrientationLandscapeLeft UIInterfaceOrientationLandscapeRight";
				LD_RUNPATH_SEARCH_PATHS = (
					"$(inherited)",
					"@executable_path/Frameworks",
				);
				MARKETING_VERSION = 1.0;
				PRODUCT_BUNDLE_IDENTIFIER = com.JadenPassero.Enneagrams;
				PRODUCT_NAME = "$(TARGET_NAME)";
				SWIFT_EMIT_LOC_STRINGS = YES;
				SWIFT_VERSION = 5.0;
				TARGETED_DEVICE_FAMILY = "1,2";
			};
			name = Debug;
		};
		C0D6FF092A6EFA5D00FE4316 /* Release */ = {
			isa = XCBuildConfiguration;
			buildSettings = {
				ASSETCATALOG_COMPILER_APPICON_NAME = AppIcon;
				ASSETCATALOG_COMPILER_GLOBAL_ACCENT_COLOR_NAME = AccentColor;
				CODE_SIGN_STYLE = Automatic;
				CURRENT_PROJECT_VERSION = 1;
				DEVELOPMENT_ASSET_PATHS = "\"Enneagrams/Preview Content\"";
				DEVELOPMENT_TEAM = 6MK7D584YP;
				ENABLE_PREVIEWS = YES;
				GENERATE_INFOPLIST_FILE = YES;
				INFOPLIST_KEY_UIApplicationSceneManifest_Generation = YES;
				INFOPLIST_KEY_UIApplicationSupportsIndirectInputEvents = YES;
				INFOPLIST_KEY_UILaunchScreen_Generation = YES;
				INFOPLIST_KEY_UISupportedInterfaceOrientations_iPad = "UIInterfaceOrientationPortrait UIInterfaceOrientationPortraitUpsideDown UIInterfaceOrientationLandscapeLeft UIInterfaceOrientationLandscapeRight";
				INFOPLIST_KEY_UISupportedInterfaceOrientations_iPhone = "UIInterfaceOrientationPortrait UIInterfaceOrientationLandscapeLeft UIInterfaceOrientationLandscapeRight";
				LD_RUNPATH_SEARCH_PATHS = (
					"$(inherited)",
					"@executable_path/Frameworks",
				);
				MARKETING_VERSION = 1.0;
				PRODUCT_BUNDLE_IDENTIFIER = com.JadenPassero.Enneagrams;
				PRODUCT_NAME = "$(TARGET_NAME)";
				SWIFT_EMIT_LOC_STRINGS = YES;
				SWIFT_VERSION = 5.0;
				TARGETED_DEVICE_FAMILY = "1,2";
			};
			name = Release;
		};
/* End XCBuildConfiguration section */

/* Begin XCConfigurationList section */
		C0D6FEF42A6EFA5C00FE4316 /* Build configuration list for PBXProject "Enneagrams" */ = {
			isa = XCConfigurationList;
			buildConfigurations = (
				C0D6FF052A6EFA5D00FE4316 /* Debug */,
				C0D6FF062A6EFA5D00FE4316 /* Release */,
			);
			defaultConfigurationIsVisible = 0;
			defaultConfigurationName = Release;
		};
		C0D6FF072A6EFA5D00FE4316 /* Build configuration list for PBXNativeTarget "Enneagrams" */ = {
			isa = XCConfigurationList;
			buildConfigurations = (
				C0D6FF082A6EFA5D00FE4316 /* Debug */,
				C0D6FF092A6EFA5D00FE4316 /* Release */,
			);
			defaultConfigurationIsVisible = 0;
			defaultConfigurationName = Release;
		};
/* End XCConfigurationList section */
	};
	rootObject = C0D6FEF12A6EFA5C00FE4316 /* Project object */;
}
